<?xml version="1.0" encoding="utf-8"?>
<Project ToolsVersion="4.0" xmlns="http://schemas.microsoft.com/developer/msbuild/2003">
  <ItemGroup>
    <Filter Include="源文件">
      <UniqueIdentifier>{4FC737F1-C7A5-4376-A066-2A32D752A2FF}</UniqueIdentifier>
      <Extensions>cpp;c;cc;cxx;c++;cppm;ixx;def;odl;idl;hpj;bat;asm;asmx</Extensions>
    </Filter>
    <Filter Include="头文件">
      <UniqueIdentifier>{93995380-89BD-4b04-88EB-625FBE52EBFB}</UniqueIdentifier>
      <Extensions>h;hh;hpp;hxx;h++;hm;inl;inc;ipp;xsd</Extensions>
    </Filter>
    <Filter Include="资源文件">
      <UniqueIdentifier>{67DA6AB6-F800-4c08-8B7A-83BB121AAD01}</UniqueIdentifier>
      <Extensions>rc;ico;cur;bmp;dlg;rc2;rct;bin;rgs;gif;jpg;jpeg;jpe;resx;tiff;tif;png;wav;mfcribbon-ms</Extensions>
    </Filter>
    <Filter Include="源文件\main">
      <UniqueIdentifier>{e55f288b-52e9-4a81-9383-bab83a5fe7d6}</UniqueIdentifier>
    </Filter>
    <Filter Include="源文件\DAO">
      <UniqueIdentifier>{81109604-36da-451e-b547-6683300c35b1}</UniqueIdentifier>
    </Filter>
    <Filter Include="头文件\DAO">
      <UniqueIdentifier>{bc753f0a-9fab-40db-b547-973fce53c04c}</UniqueIdentifier>
    </Filter>
    <Filter Include="源文件\Farming">
      <UniqueIdentifier>{5aa4b349-907e-4b85-9c4a-dd63475243fb}</UniqueIdentifier>
    </Filter>
    <Filter Include="源文件\Test">
      <UniqueIdentifier>{4043a1e5-cdbd-433d-9536-5df73e8db97c}</UniqueIdentifier>
    </Filter>
    <Filter Include="头文件\Farming">
      <UniqueIdentifier>{99d21d52-20f5-4081-b2e3-12d4c614904a}</UniqueIdentifier>
    </Filter>
    <Filter Include="源文件\Farming\breedBuilderImpl">
      <UniqueIdentifier>{b25d9829-3bb2-46a7-b0ef-05bea37ff888}</UniqueIdentifier>
    </Filter>
    <Filter Include="源文件\Farming\farmingFactory">
      <UniqueIdentifier>{5a70ac94-dbd1-424d-a604-12714224fbd1}</UniqueIdentifier>
    </Filter>
    <Filter Include="头文件\Test">
      <UniqueIdentifier>{3d29b7aa-1036-4b2f-aa31-475e9b23fd28}</UniqueIdentifier>
    </Filter>
    <Filter Include="源文件\Facade">
      <UniqueIdentifier>{0f0bebf5-469b-4206-ac4b-50ba63c0dd98}</UniqueIdentifier>
    </Filter>
    <Filter Include="头文件\Visitor">
      <UniqueIdentifier>{2bf4bff6-d301-4c54-958c-dd017acb485a}</UniqueIdentifier>
    </Filter>
    <Filter Include="源文件\Visitor">
      <UniqueIdentifier>{2b9e6c92-6118-4e39-bbed-20d0ac6d74c2}</UniqueIdentifier>
    </Filter>
    <Filter Include="头文件\State">
      <UniqueIdentifier>{35fffb2a-6fa7-4dea-9d24-1960f355687b}</UniqueIdentifier>
    </Filter>
    <Filter Include="源文件\State">
      <UniqueIdentifier>{dfa07875-3a65-43bd-818d-9fcdd8ef3998}</UniqueIdentifier>
    </Filter>
    <Filter Include="源文件\Processing">
      <UniqueIdentifier>{a8db2f04-ddbe-4b1a-b1b7-1092984b6783}</UniqueIdentifier>
    </Filter>
    <Filter Include="头文件\Processing">
      <UniqueIdentifier>{13cf842b-fede-4ded-988b-5fa0771ebb28}</UniqueIdentifier>
    </Filter>
    <Filter Include="源文件\Processing\adapteDesign">
      <UniqueIdentifier>{045a7e62-d860-42f1-964f-db388a445be6}</UniqueIdentifier>
    </Filter>
    <Filter Include="源文件\Processing\iteratorDesign">
      <UniqueIdentifier>{ec71f747-845e-4583-8eae-803fe6cbe2ce}</UniqueIdentifier>
    </Filter>
    <Filter Include="源文件\Processing\composeDesign">
      <UniqueIdentifier>{73b49a95-9f4a-4a65-8d4e-8a732785c002}</UniqueIdentifier>
    </Filter>
    <Filter Include="头文件\Bridge">
      <UniqueIdentifier>{742c627a-e2b3-46c4-a05b-d794d25c05a0}</UniqueIdentifier>
    </Filter>
    <Filter Include="源文件\Bridge">
      <UniqueIdentifier>{74620f41-9e34-42e8-843f-ef57bc495a42}</UniqueIdentifier>
    </Filter>
    <Filter Include="头文件\Memo">
      <UniqueIdentifier>{5f119507-9aab-4c46-98aa-4721bf608b14}</UniqueIdentifier>
    </Filter>
    <Filter Include="源文件\Memo">
      <UniqueIdentifier>{705b8d35-80c0-4805-84e7-fb5507b53c36}</UniqueIdentifier>
    </Filter>
    <Filter Include="头文件\Observer">
      <UniqueIdentifier>{0f39f3a7-eaa4-4001-a827-6fb03beb11b9}</UniqueIdentifier>
    </Filter>
    <Filter Include="源文件\Observer">
      <UniqueIdentifier>{fe04dd9f-be84-4ca6-8487-abfe7ba73343}</UniqueIdentifier>
    </Filter>
    <Filter Include="源文件\Farming\farmHouseConstruct">
      <UniqueIdentifier>{1978b760-9cd7-4d60-a3c4-124f23ef1d70}</UniqueIdentifier>
    </Filter>
    <Filter Include="头文件\Market">
      <UniqueIdentifier>{08e1523a-3eff-46ba-8135-350a39e46872}</UniqueIdentifier>
    </Filter>
    <Filter Include="源文件\Market">
      <UniqueIdentifier>{03a024c2-bd33-44ed-8282-7006b2928a0e}</UniqueIdentifier>
    </Filter>
    <Filter Include="头文件\Flyweight">
      <UniqueIdentifier>{3afa61f4-a2ca-4469-b8be-6b97b06d993c}</UniqueIdentifier>
    </Filter>
    <Filter Include="源文件\Flyweight">
      <UniqueIdentifier>{9b500829-fa1e-4785-a149-4c4f4c3dbe13}</UniqueIdentifier>
    </Filter>
    <Filter Include="源文件\Processing\strategyDesign">
      <UniqueIdentifier>{92d0a84f-f418-45fd-9293-53e444cbe2e0}</UniqueIdentifier>
    </Filter>
    <Filter Include="头文件\Facade">
      <UniqueIdentifier>{affd3f75-dcaf-48e7-b8ee-a8da54da85fc}</UniqueIdentifier>
    </Filter>
    <Filter Include="头文件\Mediator">
      <UniqueIdentifier>{13415a1c-6f85-4d6b-abf6-02f0d63a9be7}</UniqueIdentifier>
    </Filter>
    <Filter Include="源文件\Mediator">
      <UniqueIdentifier>{a00ce3eb-61e3-4e8d-8c66-0c601aaa59be}</UniqueIdentifier>
    </Filter>
  </ItemGroup>
  <ItemGroup>
    <ClCompile Include="main.cpp">
      <Filter>源文件\main</Filter>
    </ClCompile>
    <ClCompile Include="farmingDAOImpl.cpp">
      <Filter>源文件\DAO</Filter>
    </ClCompile>
    <ClCompile Include="DB_init.cpp">
      <Filter>源文件\Test</Filter>
    </ClCompile>
    <ClCompile Include="cattleBuilderImpl.cpp">
      <Filter>源文件\Farming\breedBuilderImpl</Filter>
    </ClCompile>
    <ClCompile Include="pigBuilderImpl.cpp">
      <Filter>源文件\Farming\breedBuilderImpl</Filter>
    </ClCompile>
    <ClCompile Include="chickenBuilderImpl.cpp">
      <Filter>源文件\Farming\breedBuilderImpl</Filter>
    </ClCompile>
    <ClCompile Include="Wang_farmingFactory.cpp">
      <Filter>源文件\Farming\farmingFactory</Filter>
    </ClCompile>
    <ClCompile Include="Li_farmingFactory.cpp">
      <Filter>源文件\Farming\farmingFactory</Filter>
    </ClCompile>
    <ClCompile Include="FarmStocking.cpp">
      <Filter>源文件\Test</Filter>
    </ClCompile>
    <ClCompile Include="Facade.cpp">
      <Filter>源文件\Facade</Filter>
    </ClCompile>
    <ClCompile Include="Center factory.cpp">
      <Filter>源文件\Facade</Filter>
    </ClCompile>
    <ClCompile Include="Visitor.cpp">
      <Filter>源文件\Visitor</Filter>
    </ClCompile>
    <ClCompile Include="State.cpp">
      <Filter>源文件\State</Filter>
    </ClCompile>
    <ClCompile Include="StateManage.cpp">
      <Filter>源文件\Test</Filter>
    </ClCompile>
    <ClCompile Include="VisitorManage.cpp">
      <Filter>源文件\Test</Filter>
    </ClCompile>
    <ClCompile Include="CattleAdapter.cpp">
      <Filter>源文件\Processing\adapteDesign</Filter>
    </ClCompile>
    <ClCompile Include="CattleImpl.cpp">
      <Filter>源文件\Processing\adapteDesign</Filter>
    </ClCompile>
    <ClCompile Include="ChickenImpl.cpp">
      <Filter>源文件\Processing\adapteDesign</Filter>
    </ClCompile>
    <ClCompile Include="ProcessFactoryImpl.cpp">
      <Filter>源文件\Processing\adapteDesign</Filter>
    </ClCompile>
    <ClCompile Include="AdapterProcessing.cpp">
      <Filter>源文件\Test</Filter>
    </ClCompile>
    <ClCompile Include="animalprocessDAOImpl.cpp">
      <Filter>源文件\DAO</Filter>
    </ClCompile>
    <ClCompile Include="CattleIterator .cpp">
      <Filter>源文件\Processing\iteratorDesign</Filter>
    </ClCompile>
    <ClCompile Include="ChickenIterator.cpp">
      <Filter>源文件\Processing\iteratorDesign</Filter>
    </ClCompile>
    <ClCompile Include="ProcessCattle.cpp">
      <Filter>源文件\Processing\iteratorDesign</Filter>
    </ClCompile>
    <ClCompile Include="ProcessChicken.cpp">
      <Filter>源文件\Processing\iteratorDesign</Filter>
    </ClCompile>
    <ClCompile Include="IteratorProcessing.cpp">
      <Filter>源文件\Test</Filter>
    </ClCompile>
    <ClCompile Include="ComposeProcessing.cpp">
      <Filter>源文件\Test</Filter>
    </ClCompile>
    <ClCompile Include="ProcessCattleFactory.cpp">
      <Filter>源文件\Processing\composeDesign</Filter>
    </ClCompile>
    <ClCompile Include="ComFactory.cpp">
      <Filter>源文件\Processing\composeDesign</Filter>
    </ClCompile>
    <ClCompile Include="Bridge.cpp">
      <Filter>源文件\Bridge</Filter>
    </ClCompile>
    <ClCompile Include="BridgeManage.cpp">
      <Filter>源文件\Test</Filter>
    </ClCompile>
    <ClCompile Include="factory.cpp">
      <Filter>源文件\Memo</Filter>
    </ClCompile>
    <ClCompile Include="Memo.cpp">
      <Filter>源文件\Memo</Filter>
    </ClCompile>
    <ClCompile Include="Observer.cpp">
      <Filter>源文件\Observer</Filter>
    </ClCompile>
    <ClCompile Include="Market.cpp">
      <Filter>源文件\Observer</Filter>
    </ClCompile>
    <ClCompile Include="houseConstructorImpl.cpp">
      <Filter>源文件\Farming\farmHouseConstruct</Filter>
    </ClCompile>
    <ClCompile Include="sellerImpl.cpp">
      <Filter>源文件\Market</Filter>
    </ClCompile>
    <ClCompile Include="Flyweight.cpp">
      <Filter>源文件\Flyweight</Filter>
    </ClCompile>
    <ClCompile Include="FlyweightManage.cpp">
      <Filter>源文件\Test</Filter>
    </ClCompile>
    <ClCompile Include="ProcessingCattle.cpp">
      <Filter>源文件\Processing\strategyDesign</Filter>
    </ClCompile>
    <ClCompile Include="ProcessingChicken.cpp">
      <Filter>源文件\Processing\strategyDesign</Filter>
    </ClCompile>
    <ClCompile Include="ProcessingPig.cpp">
      <Filter>源文件\Processing\strategyDesign</Filter>
    </ClCompile>
    <ClCompile Include="ProcessFactory.cpp">
      <Filter>源文件\Processing\strategyDesign</Filter>
    </ClCompile>
    <ClCompile Include="StrategyProcessing.cpp">
      <Filter>源文件\Test</Filter>
    </ClCompile>
    <ClCompile Include="MediatorManage.cpp">
      <Filter>源文件\Test</Filter>
    </ClCompile>
    <ClCompile Include="Person.cpp">
      <Filter>源文件\Mediator</Filter>
    </ClCompile>
  </ItemGroup>
  <ItemGroup>
    <ClInclude Include="Data.h">
      <Filter>头文件\DAO</Filter>
    </ClInclude>
    <ClInclude Include="breedBuilder.h">
      <Filter>头文件\Farming</Filter>
    </ClInclude>
    <ClInclude Include="farmingFactory.h">
      <Filter>头文件\Farming</Filter>
    </ClInclude>
    <ClInclude Include="test.h">
      <Filter>头文件\Test</Filter>
    </ClInclude>
    <ClInclude Include="Center factory.h">
      <Filter>头文件\Facade</Filter>
    </ClInclude>
    <ClInclude Include="Visitor.h">
      <Filter>头文件\Visitor</Filter>
    </ClInclude>
    <ClInclude Include="State.h">
      <Filter>头文件\State</Filter>
    </ClInclude>
    <ClInclude Include="adapterDesign.h">
      <Filter>头文件\Processing</Filter>
    </ClInclude>
    <ClInclude Include="iteratorDesign.h">
      <Filter>头文件\Processing</Filter>
    </ClInclude>
    <ClInclude Include="composeDesign.h">
      <Filter>头文件\Processing</Filter>
    </ClInclude>
    <ClInclude Include="Abstraction.h">
      <Filter>头文件\Bridge</Filter>
    </ClInclude>
    <ClInclude Include="ImplementorAndAbs.h">
      <Filter>头文件\Bridge</Filter>
    </ClInclude>
    <ClInclude Include="Memo .h">
      <Filter>头文件\Memo</Filter>
    </ClInclude>
    <ClInclude Include="Observer.h">
      <Filter>头文件\Observer</Filter>
    </ClInclude>
    <ClInclude Include="farmHouseConstructTemplate.h">
      <Filter>头文件\Farming</Filter>
    </ClInclude>
    <ClInclude Include="Market.h">
      <Filter>头文件\Market</Filter>
    </ClInclude>
    <ClInclude Include="Flyweight.h">
      <Filter>头文件\Flyweight</Filter>
    </ClInclude>
    <ClInclude Include="strategyDesign.h">
      <Filter>头文件\Processing</Filter>
    </ClInclude>
    <ClInclude Include="Person.h">
      <Filter>头文件\Mediator</Filter>
    </ClInclude>
  </ItemGroup>
</Project>