<?xml version="1.0" encoding="utf-8"?>
<Project ToolsVersion="4.0" xmlns="http://schemas.microsoft.com/developer/msbuild/2003">
  <ItemGroup>
    <Filter Include="源文件">
      <UniqueIdentifier>{4FC737F1-C7A5-4376-A066-2A32D752A2FF}</UniqueIdentifier>
      <Extensions>cpp;c;cc;cxx;c++;cppm;ixx;def;odl;idl;hpj;bat;asm;asmx</Extensions>
    </Filter>
    <Filter Include="头文件">
      <UniqueIdentifier>{93995380-89BD-4b04-88EB-625FBE52EBFB}</UniqueIdentifier>
      <Extensions>h;hh;hpp;hxx;h++;hm;inl;inc;ipp;xsd</Extensions>
    </Filter>
    <Filter Include="资源文件">
      <UniqueIdentifier>{67DA6AB6-F800-4c08-8B7A-83BB121AAD01}</UniqueIdentifier>
      <Extensions>rc;ico;cur;bmp;dlg;rc2;rct;bin;rgs;gif;jpg;jpeg;jpe;resx;tiff;tif;png;wav;mfcribbon-ms</Extensions>
    </Filter>
    <Filter Include="源文件\main">
      <UniqueIdentifier>{e55f288b-52e9-4a81-9383-bab83a5fe7d6}</UniqueIdentifier>
    </Filter>
    <Filter Include="源文件\DAO">
      <UniqueIdentifier>{81109604-36da-451e-b547-6683300c35b1}</UniqueIdentifier>
    </Filter>
    <Filter Include="头文件\DAO">
      <UniqueIdentifier>{bc753f0a-9fab-40db-b547-973fce53c04c}</UniqueIdentifier>
    </Filter>
    <Filter Include="源文件\Farming">
      <UniqueIdentifier>{5aa4b349-907e-4b85-9c4a-dd63475243fb}</UniqueIdentifier>
    </Filter>
    <Filter Include="源文件\Test">
      <UniqueIdentifier>{4043a1e5-cdbd-433d-9536-5df73e8db97c}</UniqueIdentifier>
    </Filter>
    <Filter Include="头文件\Farming">
      <UniqueIdentifier>{99d21d52-20f5-4081-b2e3-12d4c614904a}</UniqueIdentifier>
    </Filter>
    <Filter Include="源文件\Farming\breedBuilderImpl">
      <UniqueIdentifier>{b25d9829-3bb2-46a7-b0ef-05bea37ff888}</UniqueIdentifier>
    </Filter>
    <Filter Include="源文件\Farming\farmingFactory">
      <UniqueIdentifier>{5a70ac94-dbd1-424d-a604-12714224fbd1}</UniqueIdentifier>
    </Filter>
    <Filter Include="头文件\Test">
      <UniqueIdentifier>{3d29b7aa-1036-4b2f-aa31-475e9b23fd28}</UniqueIdentifier>
    </Filter>
    <Filter Include="头文件\Appearance">
      <UniqueIdentifier>{affd3f75-dcaf-48e7-b8ee-a8da54da85fc}</UniqueIdentifier>
    </Filter>
    <Filter Include="源文件\Facade">
      <UniqueIdentifier>{0f0bebf5-469b-4206-ac4b-50ba63c0dd98}</UniqueIdentifier>
    </Filter>
  </ItemGroup>
  <ItemGroup>
    <ClCompile Include="main.cpp">
      <Filter>源文件\main</Filter>
    </ClCompile>
    <ClCompile Include="farmingDAOImpl.cpp">
      <Filter>源文件\DAO</Filter>
    </ClCompile>
    <ClCompile Include="DB_init.cpp">
      <Filter>源文件\Test</Filter>
    </ClCompile>
    <ClCompile Include="cattleBuilderImpl.cpp">
      <Filter>源文件\Farming\breedBuilderImpl</Filter>
    </ClCompile>
    <ClCompile Include="pigBuilderImpl.cpp">
      <Filter>源文件\Farming\breedBuilderImpl</Filter>
    </ClCompile>
    <ClCompile Include="chickenBuilderImpl.cpp">
      <Filter>源文件\Farming\breedBuilderImpl</Filter>
    </ClCompile>
    <ClCompile Include="Wang_farmingFactory.cpp">
      <Filter>源文件\Farming\farmingFactory</Filter>
    </ClCompile>
    <ClCompile Include="Li_farmingFactory.cpp">
      <Filter>源文件\Farming\farmingFactory</Filter>
    </ClCompile>
    <ClCompile Include="FarmStocking.cpp">
      <Filter>源文件\Test</Filter>
    </ClCompile>
    <ClCompile Include="Facade.cpp">
      <Filter>源文件\Facade</Filter>
    </ClCompile>
    <ClCompile Include="Center factory.cpp">
      <Filter>源文件\Facade</Filter>
    </ClCompile>
  </ItemGroup>
  <ItemGroup>
    <ClInclude Include="Data.h">
      <Filter>头文件\DAO</Filter>
    </ClInclude>
    <ClInclude Include="breedBuilder.h">
      <Filter>头文件\Farming</Filter>
    </ClInclude>
    <ClInclude Include="farmingFactory.h">
      <Filter>头文件\Farming</Filter>
    </ClInclude>
    <ClInclude Include="test.h">
      <Filter>头文件\Test</Filter>
    </ClInclude>
    <ClInclude Include="Center factory.h">
      <Filter>头文件\Appearance</Filter>
    </ClInclude>
  </ItemGroup>
</Project>